{
  "name": "table",
  "version": "0.0.1",
  "lockfileVersion": 3,
  "requires": true,
  "packages": {
    "": {
      "name": "table",
      "version": "0.0.1",
      "dependencies": {
        "@lumel/table": "^0.0.9"
      }
    },
    "node_modules/@lumel/table": {
      "version": "0.0.9",
      "resolved": "https://registry.npmjs.org/@lumel/table/-/table-0.0.9.tgz",
      "integrity": "sha512-6g1yVT1daNmGfEyQRc+L8Aj8EFAPqHLlSHv5wrshigr94YEEsRMN1WFY6vbJ4DeFF9xBpGBCNdQnig+69F7tTg==",
      "dependencies": {
        "@lumel/table-renderer": "^0.0.1"
      }
    },
    "node_modules/@lumel/table-renderer": {
      "version": "0.0.1",
      "resolved": "https://registry.npmjs.org/@lumel/table-renderer/-/table-renderer-0.0.1.tgz",
      "integrity": "sha512-YJzxb9rVgJ4z61ODG1389EBfx3J6nKL/HhO7Qv4cWAd8jPDCkv0PapqpM6tmwioAHEKV439OUBablW/X+3yX7w=="
    }
  }
}
